// !$*UTF8*$!
{
	archiveVersion = 1;
	classes = {
	};
	objectVersion = 50;
	objects = {

/* Begin PBXBuildFile section */
		5313B55124E9861E000C60DD /* SignUp.storyboard in Resources */ = {isa = PBXBuildFile; fileRef = 5313B55024E9861E000C60DD /* SignUp.storyboard */; };
		532AEF7E24EB636700EFAECC /* HomePage.storyboard in Resources */ = {isa = PBXBuildFile; fileRef = 532AEF7D24EB636700EFAECC /* HomePage.storyboard */; };
		532AEF8024EB638300EFAECC /* HomePageViewController.swift in Sources */ = {isa = PBXBuildFile; fileRef = 532AEF7F24EB638300EFAECC /* HomePageViewController.swift */; };
		5343532E24E9E47000669A00 /* SignUpControllerView.swift in Sources */ = {isa = PBXBuildFile; fileRef = 5343532D24E9E47000669A00 /* SignUpControllerView.swift */; };
		5383345624EC428200C4C30E /* ThankYou.storyboard in Resources */ = {isa = PBXBuildFile; fileRef = 5383345524EC428200C4C30E /* ThankYou.storyboard */; };
		5383345824EC429800C4C30E /* ThankYouViewController.swift in Sources */ = {isa = PBXBuildFile; fileRef = 5383345724EC429800C4C30E /* ThankYouViewController.swift */; };
		53941C9B24EC038E003F6A5C /* Default-568h@2x.png in Resources */ = {isa = PBXBuildFile; fileRef = 53941C9A24EC038E003F6A5C /* Default-568h@2x.png */; };
		53E3688724EA01ED004CF69B /* SignIn.storyboard in Resources */ = {isa = PBXBuildFile; fileRef = 53E3688624EA01ED004CF69B /* SignIn.storyboard */; };
		53E3688924EA0275004CF69B /* SignInViewController.swift in Sources */ = {isa = PBXBuildFile; fileRef = 53E3688824EA0275004CF69B /* SignInViewController.swift */; };
		53EBA47A24E38F64008AE871 /* AppDelegate.swift in Sources */ = {isa = PBXBuildFile; fileRef = 53EBA47924E38F64008AE871 /* AppDelegate.swift */; };
		53EBA47C24E38F64008AE871 /* SceneDelegate.swift in Sources */ = {isa = PBXBuildFile; fileRef = 53EBA47B24E38F64008AE871 /* SceneDelegate.swift */; };
		53EBA47E24E38F64008AE871 /* ViewController.swift in Sources */ = {isa = PBXBuildFile; fileRef = 53EBA47D24E38F64008AE871 /* ViewController.swift */; };
		53EBA48124E38F64008AE871 /* Main.storyboard in Resources */ = {isa = PBXBuildFile; fileRef = 53EBA47F24E38F64008AE871 /* Main.storyboard */; };
		53EBA48324E38F65008AE871 /* Assets.xcassets in Resources */ = {isa = PBXBuildFile; fileRef = 53EBA48224E38F65008AE871 /* Assets.xcassets */; };
		53EBA48624E38F65008AE871 /* LaunchScreen.storyboard in Resources */ = {isa = PBXBuildFile; fileRef = 53EBA48424E38F65008AE871 /* LaunchScreen.storyboard */; };
/* End PBXBuildFile section */

/* Begin PBXFileReference section */
		5313B55024E9861E000C60DD /* SignUp.storyboard */ = {isa = PBXFileReference; lastKnownFileType = file.storyboard; path = SignUp.storyboard; sourceTree = "<group>"; };
		532AEF7D24EB636700EFAECC /* HomePage.storyboard */ = {isa = PBXFileReference; lastKnownFileType = file.storyboard; path = HomePage.storyboard; sourceTree = "<group>"; };
		532AEF7F24EB638300EFAECC /* HomePageViewController.swift */ = {isa = PBXFileReference; lastKnownFileType = sourcecode.swift; path = HomePageViewController.swift; sourceTree = "<group>"; };
		5343532D24E9E47000669A00 /* SignUpControllerView.swift */ = {isa = PBXFileReference; lastKnownFileType = sourcecode.swift; path = SignUpControllerView.swift; sourceTree = "<group>"; };
		5383345524EC428200C4C30E /* ThankYou.storyboard */ = {isa = PBXFileReference; lastKnownFileType = file.storyboard; path = ThankYou.storyboard; sourceTree = "<group>"; };
		5383345724EC429800C4C30E /* ThankYouViewController.swift */ = {isa = PBXFileReference; lastKnownFileType = sourcecode.swift; path = ThankYouViewController.swift; sourceTree = "<group>"; };
		53941C9A24EC038E003F6A5C /* Default-568h@2x.png */ = {isa = PBXFileReference; lastKnownFileType = image.png; path = "Default-568h@2x.png"; sourceTree = "<group>"; };
		53E3688624EA01ED004CF69B /* SignIn.storyboard */ = {isa = PBXFileReference; lastKnownFileType = file.storyboard; path = SignIn.storyboard; sourceTree = "<group>"; };
		53E3688824EA0275004CF69B /* SignInViewController.swift */ = {isa = PBXFileReference; lastKnownFileType = sourcecode.swift; path = SignInViewController.swift; sourceTree = "<group>"; };
		53EBA47624E38F64008AE871 /* Movly.app */ = {isa = PBXFileReference; explicitFileType = wrapper.application; includeInIndex = 0; path = Movly.app; sourceTree = BUILT_PRODUCTS_DIR; };
		53EBA47924E38F64008AE871 /* AppDelegate.swift */ = {isa = PBXFileReference; lastKnownFileType = sourcecode.swift; path = AppDelegate.swift; sourceTree = "<group>"; };
		53EBA47B24E38F64008AE871 /* SceneDelegate.swift */ = {isa = PBXFileReference; lastKnownFileType = sourcecode.swift; path = SceneDelegate.swift; sourceTree = "<group>"; };
		53EBA47D24E38F64008AE871 /* ViewController.swift */ = {isa = PBXFileReference; lastKnownFileType = sourcecode.swift; path = ViewController.swift; sourceTree = "<group>"; };
		53EBA48024E38F64008AE871 /* Base */ = {isa = PBXFileReference; lastKnownFileType = file.storyboard; name = Base; path = Base.lproj/Main.storyboard; sourceTree = "<group>"; };
		53EBA48224E38F65008AE871 /* Assets.xcassets */ = {isa = PBXFileReference; lastKnownFileType = folder.assetcatalog; path = Assets.xcassets; sourceTree = "<group>"; };
		53EBA48524E38F65008AE871 /* Base */ = {isa = PBXFileReference; lastKnownFileType = file.storyboard; name = Base; path = Base.lproj/LaunchScreen.storyboard; sourceTree = "<group>"; };
		53EBA48724E38F65008AE871 /* Info.plist */ = {isa = PBXFileReference; lastKnownFileType = text.plist.xml; path = Info.plist; sourceTree = "<group>"; };
/* End PBXFileReference section */

/* Begin PBXFrameworksBuildPhase section */
		53EBA47324E38F64008AE871 /* Frameworks */ = {
			isa = PBXFrameworksBuildPhase;
			buildActionMask = 2147483647;
			files = (
			);
			runOnlyForDeploymentPostprocessing = 0;
		};
/* End PBXFrameworksBuildPhase section */

/* Begin PBXGroup section */
		5313B54F24E985FF000C60DD /* Storyboards */ = {
			isa = PBXGroup;
			children = (
				53EBA47F24E38F64008AE871 /* Main.storyboard */,
				53E3688624EA01ED004CF69B /* SignIn.storyboard */,
				5313B55024E9861E000C60DD /* SignUp.storyboard */,
				532AEF7D24EB636700EFAECC /* HomePage.storyboard */,
				5383345524EC428200C4C30E /* ThankYou.storyboard */,
			);
			path = Storyboards;
			sourceTree = "<group>";
		};
		53941C9824EC0281003F6A5C /* Supporting */ = {
			isa = PBXGroup;
			children = (
				53EBA48424E38F65008AE871 /* LaunchScreen.storyboard */,
				53EBA47924E38F64008AE871 /* AppDelegate.swift */,
				53EBA48224E38F65008AE871 /* Assets.xcassets */,
				53941C9A24EC038E003F6A5C /* Default-568h@2x.png */,
				53EBA47B24E38F64008AE871 /* SceneDelegate.swift */,
			);
			path = Supporting;
			sourceTree = "<group>";
		};
		53941C9924EC029B003F6A5C /* Model */ = {
			isa = PBXGroup;
			children = (
				53EBA47D24E38F64008AE871 /* ViewController.swift */,
				53EBA48724E38F65008AE871 /* Info.plist */,
			);
			path = Model;
			sourceTree = "<group>";
		};
		53E3688A24EA02BE004CF69B /* Controllers */ = {
			isa = PBXGroup;
			children = (
				53E3688824EA0275004CF69B /* SignInViewController.swift */,
				5343532D24E9E47000669A00 /* SignUpControllerView.swift */,
				532AEF7F24EB638300EFAECC /* HomePageViewController.swift */,
				5383345724EC429800C4C30E /* ThankYouViewController.swift */,
			);
			path = Controllers;
			sourceTree = "<group>";
		};
		53EBA46D24E38F64008AE871 = {
			isa = PBXGroup;
			children = (
				53EBA47824E38F64008AE871 /* Movly */,
				53EBA47724E38F64008AE871 /* Products */,
			);
			sourceTree = "<group>";
		};
		53EBA47724E38F64008AE871 /* Products */ = {
			isa = PBXGroup;
			children = (
				53EBA47624E38F64008AE871 /* Movly.app */,
			);
			name = Products;
			sourceTree = "<group>";
		};
		53EBA47824E38F64008AE871 /* Movly */ = {
			isa = PBXGroup;
			children = (
				5313B54F24E985FF000C60DD /* Storyboards */,
				53E3688A24EA02BE004CF69B /* Controllers */,
				53941C9924EC029B003F6A5C /* Model */,
				53941C9824EC0281003F6A5C /* Supporting */,
			);
			path = Movly;
			sourceTree = "<group>";
		};
/* End PBXGroup section */

/* Begin PBXNativeTarget section */
		53EBA47524E38F64008AE871 /* Movly */ = {
			isa = PBXNativeTarget;
			buildConfigurationList = 53EBA48A24E38F65008AE871 /* Build configuration list for PBXNativeTarget "Movly" */;
			buildPhases = (
				53EBA47224E38F64008AE871 /* Sources */,
				53EBA47324E38F64008AE871 /* Frameworks */,
				53EBA47424E38F64008AE871 /* Resources */,
			);
			buildRules = (
			);
			dependencies = (
			);
			name = Movly;
			productName = Movly;
			productReference = 53EBA47624E38F64008AE871 /* Movly.app */;
			productType = "com.apple.product-type.application";
		};
/* End PBXNativeTarget section */

/* Begin PBXProject section */
		53EBA46E24E38F64008AE871 /* Project object */ = {
			isa = PBXProject;
			attributes = {
				LastSwiftUpdateCheck = 1160;
				LastUpgradeCheck = 1160;
				ORGANIZATIONNAME = "Christian Elijah";
				TargetAttributes = {
					53EBA47524E38F64008AE871 = {
						CreatedOnToolsVersion = 11.6;
					};
				};
			};
			buildConfigurationList = 53EBA47124E38F64008AE871 /* Build configuration list for PBXProject "Movly" */;
			compatibilityVersion = "Xcode 9.3";
			developmentRegion = en;
			hasScannedForEncodings = 0;
			knownRegions = (
				en,
				Base,
			);
			mainGroup = 53EBA46D24E38F64008AE871;
			productRefGroup = 53EBA47724E38F64008AE871 /* Products */;
			projectDirPath = "";
			projectRoot = "";
			targets = (
				53EBA47524E38F64008AE871 /* Movly */,
			);
		};
/* End PBXProject section */

/* Begin PBXResourcesBuildPhase section */
		53EBA47424E38F64008AE871 /* Resources */ = {
			isa = PBXResourcesBuildPhase;
			buildActionMask = 2147483647;
			files = (
				53EBA48624E38F65008AE871 /* LaunchScreen.storyboard in Resources */,
				53E3688724EA01ED004CF69B /* SignIn.storyboard in Resources */,
				532AEF7E24EB636700EFAECC /* HomePage.storyboard in Resources */,
				5313B55124E9861E000C60DD /* SignUp.storyboard in Resources */,
				53EBA48324E38F65008AE871 /* Assets.xcassets in Resources */,
				5383345624EC428200C4C30E /* ThankYou.storyboard in Resources */,
				53941C9B24EC038E003F6A5C /* Default-568h@2x.png in Resources */,
				53EBA48124E38F64008AE871 /* Main.storyboard in Resources */,
			);
			runOnlyForDeploymentPostprocessing = 0;
		};
/* End PBXResourcesBuildPhase section */

/* Begin PBXSourcesBuildPhase section */
		53EBA47224E38F64008AE871 /* Sources */ = {
			isa = PBXSourcesBuildPhase;
			buildActionMask = 2147483647;
			files = (
				53EBA47E24E38F64008AE871 /* ViewController.swift in Sources */,
				532AEF8024EB638300EFAECC /* HomePageViewController.swift in Sources */,
				5343532E24E9E47000669A00 /* SignUpControllerView.swift in Sources */,
				5383345824EC429800C4C30E /* ThankYouViewController.swift in Sources */,
				53EBA47A24E38F64008AE871 /* AppDelegate.swift in Sources */,
				53E3688924EA0275004CF69B /* SignInViewController.swift in Sources */,
				53EBA47C24E38F64008AE871 /* SceneDelegate.swift in Sources */,
			);
			runOnlyForDeploymentPostprocessing = 0;
		};
/* End PBXSourcesBuildPhase section */

/* Begin PBXVariantGroup section */
		53EBA47F24E38F64008AE871 /* Main.storyboard */ = {
			isa = PBXVariantGroup;
			children = (
				53EBA48024E38F64008AE871 /* Base */,
			);
			name = Main.storyboard;
			sourceTree = "<group>";
		};
		53EBA48424E38F65008AE871 /* LaunchScreen.storyboard */ = {
			isa = PBXVariantGroup;
			children = (
				53EBA48524E38F65008AE871 /* Base */,
			);
			name = LaunchScreen.storyboard;
			sourceTree = "<group>";
		};
/* End PBXVariantGroup section */

/* Begin XCBuildConfiguration section */
		53EBA48824E38F65008AE871 /* Debug */ = {
			isa = XCBuildConfiguration;
			buildSettings = {
				ALWAYS_SEARCH_USER_PATHS = NO;
				CLANG_ANALYZER_NONNULL = YES;
				CLANG_ANALYZER_NUMBER_OBJECT_CONVERSION = YES_AGGRESSIVE;
				CLANG_CXX_LANGUAGE_STANDARD = "gnu++14";
				CLANG_CXX_LIBRARY = "libc++";
				CLANG_ENABLE_MODULES = YES;
				CLANG_ENABLE_OBJC_ARC = YES;
				CLANG_ENABLE_OBJC_WEAK = YES;
				CLANG_WARN_BLOCK_CAPTURE_AUTORELEASING = YES;
				CLANG_WARN_BOOL_CONVERSION = YES;
				CLANG_WARN_COMMA = YES;
				CLANG_WARN_CONSTANT_CONVERSION = YES;
				CLANG_WARN_DEPRECATED_OBJC_IMPLEMENTATIONS = YES;
				CLANG_WARN_DIRECT_OBJC_ISA_USAGE = YES_ERROR;
				CLANG_WARN_DOCUMENTATION_COMMENTS = YES;
				CLANG_WARN_EMPTY_BODY = YES;
				CLANG_WARN_ENUM_CONVERSION = YES;
				CLANG_WARN_INFINITE_RECURSION = YES;
				CLANG_WARN_INT_CONVERSION = YES;
				CLANG_WARN_NON_LITERAL_NULL_CONVERSION = YES;
				CLANG_WARN_OBJC_IMPLICIT_RETAIN_SELF = YES;
				CLANG_WARN_OBJC_LITERAL_CONVERSION = YES;
				CLANG_WARN_OBJC_ROOT_CLASS = YES_ERROR;
				CLANG_WARN_RANGE_LOOP_ANALYSIS = YES;
				CLANG_WARN_STRICT_PROTOTYPES = YES;
				CLANG_WARN_SUSPICIOUS_MOVE = YES;
				CLANG_WARN_UNGUARDED_AVAILABILITY = YES_AGGRESSIVE;
				CLANG_WARN_UNREACHABLE_CODE = YES;
				CLANG_WARN__DUPLICATE_METHOD_MATCH = YES;
				COPY_PHASE_STRIP = NO;
				DEBUG_INFORMATION_FORMAT = dwarf;
				ENABLE_STRICT_OBJC_MSGSEND = YES;
				ENABLE_TESTABILITY = YES;
				GCC_C_LANGUAGE_STANDARD = gnu11;
				GCC_DYNAMIC_NO_PIC = NO;
				GCC_NO_COMMON_BLOCKS = YES;
				GCC_OPTIMIZATION_LEVEL = 0;
				GCC_PREPROCESSOR_DEFINITIONS = (
					"DEBUG=1",
					"$(inherited)",
				);
				GCC_WARN_64_TO_32_BIT_CONVERSION = YES;
				GCC_WARN_ABOUT_RETURN_TYPE = YES_ERROR;
				GCC_WARN_UNDECLARED_SELECTOR = YES;
				GCC_WARN_UNINITIALIZED_AUTOS = YES_AGGRESSIVE;
				GCC_WARN_UNUSED_FUNCTION = YES;
				GCC_WARN_UNUSED_VARIABLE = YES;
				INFOPLIST_FILE = /Users/christianelijah/Desktop/PROJECTS/Movly/Movly/Model/Info.plist;
				IPHONEOS_DEPLOYMENT_TARGET = 13.6;
				MTL_ENABLE_DEBUG_INFO = INCLUDE_SOURCE;
				MTL_FAST_MATH = YES;
				ONLY_ACTIVE_ARCH = YES;
				SDKROOT = iphoneos;
				SWIFT_ACTIVE_COMPILATION_CONDITIONS = DEBUG;
				SWIFT_OPTIMIZATION_LEVEL = "-Onone";
			};
			name = Debug;
		};
		53EBA48924E38F65008AE871 /* Release */ = {
			isa = XCBuildConfiguration;
			buildSettings = {
				ALWAYS_SEARCH_USER_PATHS = NO;
				CLANG_ANALYZER_NONNULL = YES;
				CLANG_ANALYZER_NUMBER_OBJECT_CONVERSION = YES_AGGRESSIVE;
				CLANG_CXX_LANGUAGE_STANDARD = "gnu++14";
				CLANG_CXX_LIBRARY = "libc++";
				CLANG_ENABLE_MODULES = YES;
				CLANG_ENABLE_OBJC_ARC = YES;
				CLANG_ENABLE_OBJC_WEAK = YES;
				CLANG_WARN_BLOCK_CAPTURE_AUTORELEASING = YES;
				CLANG_WARN_BOOL_CONVERSION = YES;
				CLANG_WARN_COMMA = YES;
				CLANG_WARN_CONSTANT_CONVERSION = YES;
				CLANG_WARN_DEPRECATED_OBJC_IMPLEMENTATIONS = YES;
				CLANG_WARN_DIRECT_OBJC_ISA_USAGE = YES_ERROR;
				CLANG_WARN_DOCUMENTATION_COMMENTS = YES;
				CLANG_WARN_EMPTY_BODY = YES;
				CLANG_WARN_ENUM_CONVERSION = YES;
				CLANG_WARN_INFINITE_RECURSION = YES;
				CLANG_WARN_INT_CONVERSION = YES;
				CLANG_WARN_NON_LITERAL_NULL_CONVERSION = YES;
				CLANG_WARN_OBJC_IMPLICIT_RETAIN_SELF = YES;
				CLANG_WARN_OBJC_LITERAL_CONVERSION = YES;
				CLANG_WARN_OBJC_ROOT_CLASS = YES_ERROR;
				CLANG_WARN_RANGE_LOOP_ANALYSIS = YES;
				CLANG_WARN_STRICT_PROTOTYPES = YES;
				CLANG_WARN_SUSPICIOUS_MOVE = YES;
				CLANG_WARN_UNGUARDED_AVAILABILITY = YES_AGGRESSIVE;
				CLANG_WARN_UNREACHABLE_CODE = YES;
				CLANG_WARN__DUPLICATE_METHOD_MATCH = YES;
				COPY_PHASE_STRIP = NO;
				DEBUG_INFORMATION_FORMAT = "dwarf-with-dsym";
				ENABLE_NS_ASSERTIONS = NO;
				ENABLE_STRICT_OBJC_MSGSEND = YES;
				GCC_C_LANGUAGE_STANDARD = gnu11;
				GCC_NO_COMMON_BLOCKS = YES;
				GCC_WARN_64_TO_32_BIT_CONVERSION = YES;
				GCC_WARN_ABOUT_RETURN_TYPE = YES_ERROR;
				GCC_WARN_UNDECLARED_SELECTOR = YES;
				GCC_WARN_UNINITIALIZED_AUTOS = YES_AGGRESSIVE;
				GCC_WARN_UNUSED_FUNCTION = YES;
				GCC_WARN_UNUSED_VARIABLE = YES;
				INFOPLIST_FILE = /Users/christianelijah/Desktop/PROJECTS/Movly/Movly/Model/Info.plist;
				IPHONEOS_DEPLOYMENT_TARGET = 13.6;
				MTL_ENABLE_DEBUG_INFO = NO;
				MTL_FAST_MATH = YES;
				SDKROOT = iphoneos;
				SWIFT_COMPILATION_MODE = wholemodule;
				SWIFT_OPTIMIZATION_LEVEL = "-O";
				VALIDATE_PRODUCT = YES;
			};
			name = Release;
		};
		53EBA48B24E38F65008AE871 /* Debug */ = {
			isa = XCBuildConfiguration;
			buildSettings = {
				ASSETCATALOG_COMPILER_APPICON_NAME = AppIcon;
				CODE_SIGN_IDENTITY = "Apple Development";
				CODE_SIGN_STYLE = Automatic;
				DEVELOPMENT_TEAM = WPR3K55VLC;
				INFOPLIST_FILE = "$(SRCROOT)/Movly/Model/Info.plist";
				LD_RUNPATH_SEARCH_PATHS = (
					"$(inherited)",
					"@executable_path/Frameworks",
				);
				PRODUCT_BUNDLE_IDENTIFIER = me.francis.christian.Movly;
				PRODUCT_NAME = "$(TARGET_NAME)";
				PROVISIONING_PROFILE_SPECIFIER = "";
				SWIFT_VERSION = 5.0;
				TARGETED_DEVICE_FAMILY = 1;
			};
			name = Debug;
		};
		53EBA48C24E38F65008AE871 /* Release */ = {
			isa = XCBuildConfiguration;
			buildSettings = {
				ASSETCATALOG_COMPILER_APPICON_NAME = AppIcon;
				CODE_SIGN_IDENTITY = "Apple Development";
				CODE_SIGN_STYLE = Automatic;
				DEVELOPMENT_TEAM = WPR3K55VLC;
				INFOPLIST_FILE = "$(SRCROOT)/Movly/Model/Info.plist";
				LD_RUNPATH_SEARCH_PATHS = (
					"$(inherited)",
					"@executable_path/Frameworks",
				);
				PRODUCT_BUNDLE_IDENTIFIER = me.francis.christian.Movly;
				PRODUCT_NAME = "$(TARGET_NAME)";
				PROVISIONING_PROFILE_SPECIFIER = "";
				SWIFT_VERSION = 5.0;
				TARGETED_DEVICE_FAMILY = 1;
			};
			name = Release;
		};
/* End XCBuildConfiguration section */

/* Begin XCConfigurationList section */
		53EBA47124E38F64008AE871 /* Build configuration list for PBXProject "Movly" */ = {
			isa = XCConfigurationList;
			buildConfigurations = (
				53EBA48824E38F65008AE871 /* Debug */,
				53EBA48924E38F65008AE871 /* Release */,
			);
			defaultConfigurationIsVisible = 0;
			defaultConfigurationName = Release;
		};
		53EBA48A24E38F65008AE871 /* Build configuration list for PBXNativeTarget "Movly" */ = {
			isa = XCConfigurationList;
			buildConfigurations = (
				53EBA48B24E38F65008AE871 /* Debug */,
				53EBA48C24E38F65008AE871 /* Release */,
			);
			defaultConfigurationIsVisible = 0;
			defaultConfigurationName = Release;
		};
/* End XCConfigurationList section */
	};
	rootObject = 53EBA46E24E38F64008AE871 /* Project object */;
}
